
Microsoft Visual Studio Solution File, Format Version 12.00
# Visual Studio 15
VisualStudioVersion = 15.0.28010.2003
MinimumVisualStudioVersion = 10.0.40219.1
Project("{9A19103F-16F7-4668-BE54-9A1E7A4F7556}") = "CopaDeFilmes.Api", "CopaDeFilmes\CopaDeFilmes.Api.csproj", "{F20A2033-3E1A-4C91-96A1-E00647344A2D}"
EndProject
Project("{2150E333-8FDC-42A3-9474-1A3956D46DE8}") = "src", "src", "{7B763584-7BFF-40D8-88FB-1C4C3AA954F3}"
EndProject
Project("{2150E333-8FDC-42A3-9474-1A3956D46DE8}") = "Api", "Api", "{6DB2BF0B-D6EC-452A-8833-18638746D5F3}"
EndProject
Project("{2150E333-8FDC-42A3-9474-1A3956D46DE8}") = "Application", "Application", "{577AC066-57AB-4A38-91CF-C03ACDE93F70}"
EndProject
Project("{2150E333-8FDC-42A3-9474-1A3956D46DE8}") = "Infra", "Infra", "{7F1C7DFE-4990-46EC-B23C-C60E47572DB6}"
EndProject
Project("{2150E333-8FDC-42A3-9474-1A3956D46DE8}") = "Test", "Test", "{B75549EE-F980-4A22-9F1A-C566F4CE82C2}"
EndProject
Project("{2150E333-8FDC-42A3-9474-1A3956D46DE8}") = "UI", "UI", "{869CE36D-ACC6-4FAC-9646-47435A7A0E20}"
EndProject
Project("{2150E333-8FDC-42A3-9474-1A3956D46DE8}") = "Domain", "Domain", "{7F418011-2568-4BD2-9689-E822EB7A2A64}"
EndProject
Project("{9A19103F-16F7-4668-BE54-9A1E7A4F7556}") = "CopaDeFilmes.Domain", "CopaDeFilmes.Domain\CopaDeFilmes.Domain.csproj", "{A73602ED-3E0E-408A-AC22-0D1BED54EF82}"
EndProject
Project("{9A19103F-16F7-4668-BE54-9A1E7A4F7556}") = "CopaDeFilmes.Infra", "CopaDeFilmes.Infra\CopaDeFilmes.Infra.csproj", "{B4B2D13D-01F1-41AA-B649-9022A4E13DBA}"
EndProject
Project("{FAE04EC0-301F-11D3-BF4B-00C04F79EFBC}") = "CopaDeFilmes.Application", "CopaDeFilmes.Application\CopaDeFilmes.Application.csproj", "{0CDD49E4-03B6-4F31-8743-B3B0D46EFBE0}"
EndProject
Project("{FAE04EC0-301F-11D3-BF4B-00C04F79EFBC}") = "CopaDeFilmes.Test", "CopaDeFilmes.Test\CopaDeFilmes.Test.csproj", "{7A7BA205-B652-4650-9ECE-BD95067F02DF}"
EndProject
Global
	GlobalSection(SolutionConfigurationPlatforms) = preSolution
		Debug|Any CPU = Debug|Any CPU
		Release|Any CPU = Release|Any CPU
	EndGlobalSection
	GlobalSection(ProjectConfigurationPlatforms) = postSolution
		{F20A2033-3E1A-4C91-96A1-E00647344A2D}.Debug|Any CPU.ActiveCfg = Debug|Any CPU
		{F20A2033-3E1A-4C91-96A1-E00647344A2D}.Debug|Any CPU.Build.0 = Debug|Any CPU
		{F20A2033-3E1A-4C91-96A1-E00647344A2D}.Release|Any CPU.ActiveCfg = Release|Any CPU
		{F20A2033-3E1A-4C91-96A1-E00647344A2D}.Release|Any CPU.Build.0 = Release|Any CPU
		{A73602ED-3E0E-408A-AC22-0D1BED54EF82}.Debug|Any CPU.ActiveCfg = Debug|Any CPU
		{A73602ED-3E0E-408A-AC22-0D1BED54EF82}.Debug|Any CPU.Build.0 = Debug|Any CPU
		{A73602ED-3E0E-408A-AC22-0D1BED54EF82}.Release|Any CPU.ActiveCfg = Release|Any CPU
		{A73602ED-3E0E-408A-AC22-0D1BED54EF82}.Release|Any CPU.Build.0 = Release|Any CPU
		{B4B2D13D-01F1-41AA-B649-9022A4E13DBA}.Debug|Any CPU.ActiveCfg = Debug|Any CPU
		{B4B2D13D-01F1-41AA-B649-9022A4E13DBA}.Debug|Any CPU.Build.0 = Debug|Any CPU
		{B4B2D13D-01F1-41AA-B649-9022A4E13DBA}.Release|Any CPU.ActiveCfg = Release|Any CPU
		{B4B2D13D-01F1-41AA-B649-9022A4E13DBA}.Release|Any CPU.Build.0 = Release|Any CPU
		{0CDD49E4-03B6-4F31-8743-B3B0D46EFBE0}.Debug|Any CPU.ActiveCfg = Debug|Any CPU
		{0CDD49E4-03B6-4F31-8743-B3B0D46EFBE0}.Debug|Any CPU.Build.0 = Debug|Any CPU
		{0CDD49E4-03B6-4F31-8743-B3B0D46EFBE0}.Release|Any CPU.ActiveCfg = Release|Any CPU
		{0CDD49E4-03B6-4F31-8743-B3B0D46EFBE0}.Release|Any CPU.Build.0 = Release|Any CPU
		{7A7BA205-B652-4650-9ECE-BD95067F02DF}.Debug|Any CPU.ActiveCfg = Debug|Any CPU
		{7A7BA205-B652-4650-9ECE-BD95067F02DF}.Debug|Any CPU.Build.0 = Debug|Any CPU
		{7A7BA205-B652-4650-9ECE-BD95067F02DF}.Release|Any CPU.ActiveCfg = Release|Any CPU
		{7A7BA205-B652-4650-9ECE-BD95067F02DF}.Release|Any CPU.Build.0 = Release|Any CPU
	EndGlobalSection
	GlobalSection(SolutionProperties) = preSolution
		HideSolutionNode = FALSE
	EndGlobalSection
	GlobalSection(NestedProjects) = preSolution
		{F20A2033-3E1A-4C91-96A1-E00647344A2D} = {6DB2BF0B-D6EC-452A-8833-18638746D5F3}
		{6DB2BF0B-D6EC-452A-8833-18638746D5F3} = {7B763584-7BFF-40D8-88FB-1C4C3AA954F3}
		{577AC066-57AB-4A38-91CF-C03ACDE93F70} = {7B763584-7BFF-40D8-88FB-1C4C3AA954F3}
		{7F1C7DFE-4990-46EC-B23C-C60E47572DB6} = {7B763584-7BFF-40D8-88FB-1C4C3AA954F3}
		{B75549EE-F980-4A22-9F1A-C566F4CE82C2} = {7B763584-7BFF-40D8-88FB-1C4C3AA954F3}
		{869CE36D-ACC6-4FAC-9646-47435A7A0E20} = {7B763584-7BFF-40D8-88FB-1C4C3AA954F3}
		{7F418011-2568-4BD2-9689-E822EB7A2A64} = {7B763584-7BFF-40D8-88FB-1C4C3AA954F3}
		{A73602ED-3E0E-408A-AC22-0D1BED54EF82} = {7F418011-2568-4BD2-9689-E822EB7A2A64}
		{B4B2D13D-01F1-41AA-B649-9022A4E13DBA} = {7F1C7DFE-4990-46EC-B23C-C60E47572DB6}
		{0CDD49E4-03B6-4F31-8743-B3B0D46EFBE0} = {577AC066-57AB-4A38-91CF-C03ACDE93F70}
		{7A7BA205-B652-4650-9ECE-BD95067F02DF} = {B75549EE-F980-4A22-9F1A-C566F4CE82C2}
	EndGlobalSection
	GlobalSection(ExtensibilityGlobals) = postSolution
		SolutionGuid = {B5DB6D38-B6F2-4512-B0C9-15BADFB2589B}
	EndGlobalSection
EndGlobal
